<?xml version="1.0" encoding="utf-8"?>
<Project ToolsVersion="4.0" xmlns="http://schemas.microsoft.com/developer/msbuild/2003">
  <ItemGroup>
    <ClInclude Include="thread.h" />
    <ClInclude Include="list.h" />
    <ClInclude Include="singleton.h" />
    <ClInclude Include="memorystream.h" />
    <ClInclude Include="scopeguard.h" />
    <ClInclude Include="eztime.h" />
    <ClInclude Include="eztimer.h" />
    <ClInclude Include="cmdline.h" />
  </ItemGroup>
  <ItemGroup>
    <ClCompile Include="thread.cpp" />
    <ClCompile Include="listdebug.cpp" />
    <ClCompile Include="eztime.cpp" />
    <ClCompile Include="eztimer.cpp" />
  </ItemGroup>
</Project>