<?xml version="1.0" encoding="utf-8"?>
<Project ToolsVersion="4.0" xmlns="http://schemas.microsoft.com/developer/msbuild/2003">
  <ItemGroup>
    <ClInclude Include="buffer.h" />
    <ClInclude Include="socket.h" />
    <ClInclude Include="event.h" />
    <ClInclude Include="poller.h" />
    <ClInclude Include="netpack.h" />
    <ClInclude Include="connection.h" />
    <ClInclude Include="fd.h" />
    <ClInclude Include="iothread.h" />
    <ClInclude Include="net_interface.h" />
  </ItemGroup>
  <ItemGroup>
    <ClCompile Include="buffer.cpp" />
    <ClCompile Include="socket.cpp" />
    <ClCompile Include="event.cpp" />
    <ClCompile Include="poller.cpp" />
    <ClCompile Include="netpack.cpp" />
    <ClCompile Include="connection.cpp" />
    <ClCompile Include="fd.cpp" />
    <ClCompile Include="iothread.cpp" />
  </ItemGroup>
</Project>